
Microsoft Visual Studio Solution File, Format Version 12.00
# Visual Studio Version 16
VisualStudioVersion = 16.0.30503.244
MinimumVisualStudioVersion = 10.0.40219.1
Project("{8BC9CEB8-8B4A-11D0-8D11-00A0C91BC942}") = "Salaire_des_representants", "Salaire_des_representants\Salaire_des_representants.vcxproj", "{02FCC994-99A8-4307-8399-20BB9EDC691C}"
EndProject
Project("{8BC9CEB8-8B4A-11D0-8D11-00A0C91BC942}") = "Devinette", "Devinette\Devinette.vcxproj", "{FC0A6F5B-2301-482A-B87D-DE20616864B7}"
EndProject
Global
	GlobalSection(SolutionConfigurationPlatforms) = preSolution
		Debug|x64 = Debug|x64
		Debug|x86 = Debug|x86
		Release|x64 = Release|x64
		Release|x86 = Release|x86
	EndGlobalSection
	GlobalSection(ProjectConfigurationPlatforms) = postSolution
		{02FCC994-99A8-4307-8399-20BB9EDC691C}.Debug|x64.ActiveCfg = Debug|x64
		{02FCC994-99A8-4307-8399-20BB9EDC691C}.Debug|x64.Build.0 = Debug|x64
		{02FCC994-99A8-4307-8399-20BB9EDC691C}.Debug|x86.ActiveCfg = Debug|Win32
		{02FCC994-99A8-4307-8399-20BB9EDC691C}.Debug|x86.Build.0 = Debug|Win32
		{02FCC994-99A8-4307-8399-20BB9EDC691C}.Release|x64.ActiveCfg = Release|x64
		{02FCC994-99A8-4307-8399-20BB9EDC691C}.Release|x64.Build.0 = Release|x64
		{02FCC994-99A8-4307-8399-20BB9EDC691C}.Release|x86.ActiveCfg = Release|Win32
		{02FCC994-99A8-4307-8399-20BB9EDC691C}.Release|x86.Build.0 = Release|Win32
		{FC0A6F5B-2301-482A-B87D-DE20616864B7}.Debug|x64.ActiveCfg = Debug|x64
		{FC0A6F5B-2301-482A-B87D-DE20616864B7}.Debug|x64.Build.0 = Debug|x64
		{FC0A6F5B-2301-482A-B87D-DE20616864B7}.Debug|x86.ActiveCfg = Debug|Win32
		{FC0A6F5B-2301-482A-B87D-DE20616864B7}.Debug|x86.Build.0 = Debug|Win32
		{FC0A6F5B-2301-482A-B87D-DE20616864B7}.Release|x64.ActiveCfg = Release|x64
		{FC0A6F5B-2301-482A-B87D-DE20616864B7}.Release|x64.Build.0 = Release|x64
		{FC0A6F5B-2301-482A-B87D-DE20616864B7}.Release|x86.ActiveCfg = Release|Win32
		{FC0A6F5B-2301-482A-B87D-DE20616864B7}.Release|x86.Build.0 = Release|Win32
	EndGlobalSection
	GlobalSection(SolutionProperties) = preSolution
		HideSolutionNode = FALSE
	EndGlobalSection
	GlobalSection(ExtensibilityGlobals) = postSolution
		SolutionGuid = {F74BA08A-6D93-4260-A083-91B33B13FC46}
	EndGlobalSection
EndGlobal
